
Microsoft Visual Studio Solution File, Format Version 12.00
# Visual Studio Version 16
VisualStudioVersion = 16.0.30907.101
MinimumVisualStudioVersion = 10.0.40219.1
Project("{FAE04EC0-301F-11D3-BF4B-00C04F79EFBC}") = "Lab2_MA_GG", "Lab2_MA_GG\Lab2_MA_GG.csproj", "{EDF4F6E2-383F-41E2-9A89-55157005140B}"
EndProject
Global
	GlobalSection(SolutionConfigurationPlatforms) = preSolution
		Debug|Any CPU = Debug|Any CPU
		Release|Any CPU = Release|Any CPU
	EndGlobalSection
	GlobalSection(ProjectConfigurationPlatforms) = postSolution
		{EDF4F6E2-383F-41E2-9A89-55157005140B}.Debug|Any CPU.ActiveCfg = Debug|Any CPU
		{EDF4F6E2-383F-41E2-9A89-55157005140B}.Debug|Any CPU.Build.0 = Debug|Any CPU
		{EDF4F6E2-383F-41E2-9A89-55157005140B}.Release|Any CPU.ActiveCfg = Release|Any CPU
		{EDF4F6E2-383F-41E2-9A89-55157005140B}.Release|Any CPU.Build.0 = Release|Any CPU
	EndGlobalSection
	GlobalSection(SolutionProperties) = preSolution
		HideSolutionNode = FALSE
	EndGlobalSection
	GlobalSection(ExtensibilityGlobals) = postSolution
		SolutionGuid = {6C26EA38-8848-484C-B030-972470CC5052}
	EndGlobalSection
EndGlobal
